
Microsoft Visual Studio Solution File, Format Version 12.00
# Visual Studio Version 17
VisualStudioVersion = 17.4.33213.308
MinimumVisualStudioVersion = 10.0.40219.1
Project("{9A19103F-16F7-4668-BE54-9A1E7A4F7556}") = "MoviesWebApp", "Lab1\MoviesWebApp.csproj", "{36D5ECF0-D639-4F1D-931A-EEBB450956E3}"
EndProject
Global
	GlobalSection(SolutionConfigurationPlatforms) = preSolution
		Debug|Any CPU = Debug|Any CPU
		Release|Any CPU = Release|Any CPU
	EndGlobalSection
	GlobalSection(ProjectConfigurationPlatforms) = postSolution
		{36D5ECF0-D639-4F1D-931A-EEBB450956E3}.Debug|Any CPU.ActiveCfg = Debug|Any CPU
		{36D5ECF0-D639-4F1D-931A-EEBB450956E3}.Debug|Any CPU.Build.0 = Debug|Any CPU
		{36D5ECF0-D639-4F1D-931A-EEBB450956E3}.Release|Any CPU.ActiveCfg = Release|Any CPU
		{36D5ECF0-D639-4F1D-931A-EEBB450956E3}.Release|Any CPU.Build.0 = Release|Any CPU
	EndGlobalSection
	GlobalSection(SolutionProperties) = preSolution
		HideSolutionNode = FALSE
	EndGlobalSection
	GlobalSection(ExtensibilityGlobals) = postSolution
		SolutionGuid = {01D10B66-773E-4982-9563-BF1D3BF14F9A}
	EndGlobalSection
EndGlobal
